
Microsoft Visual Studio Solution File, Format Version 12.00
Project("{2150E333-8FDC-42A3-9474-1A3956D46DE8}") = "src", "src", "{D87C14B4-5AA8-4BE5-9CA8-C2EC840381CE}"
EndProject
Project("{2150E333-8FDC-42A3-9474-1A3956D46DE8}") = "Organization", "Organization", "{5E56226A-B9B8-43B2-8DAF-896C9A412A7A}"
EndProject
Project("{2150E333-8FDC-42A3-9474-1A3956D46DE8}") = "Product", "Product", "{ECE7D0E6-E482-4A4F-AD55-2F044288C0DA}"
EndProject
Project("{FAE04EC0-301F-11D3-BF4B-00C04F79EFBC}") = "Organization.Application", "src\Organization\Organization.Application\Organization.Application.csproj", "{C534A2A5-A595-46A4-95E5-CE3DCB0A427E}"
EndProject
Project("{FAE04EC0-301F-11D3-BF4B-00C04F79EFBC}") = "Organization.Infrastructure", "src\Organization\Organization.Infrastructure\Organization.Infrastructure.csproj", "{5BABDF25-F89E-4D54-B2B7-52F4E923BC7C}"
EndProject
Project("{FAE04EC0-301F-11D3-BF4B-00C04F79EFBC}") = "Organization.Domain", "src\Organization\Organization.Domain\Organization.Domain.csproj", "{747B6991-1542-4B1A-96A7-2F224289E8A9}"
EndProject
Project("{FAE04EC0-301F-11D3-BF4B-00C04F79EFBC}") = "Organization.API", "src\Organization\Organization.API\Organization.API.csproj", "{EF62AB48-A61E-4E97-97AD-D9AB38B43796}"
EndProject
Project("{FAE04EC0-301F-11D3-BF4B-00C04F79EFBC}") = "Product.API", "src\Product\Product.API\Product.API.csproj", "{FECD0A96-3881-4AA5-9684-F2EB620C1C11}"
EndProject
Project("{FAE04EC0-301F-11D3-BF4B-00C04F79EFBC}") = "Product.Application", "src\Product\Product.Application\Product.Application.csproj", "{E6B6342D-8AEC-4B55-8D17-969AF2D95119}"
EndProject
Project("{FAE04EC0-301F-11D3-BF4B-00C04F79EFBC}") = "Product.Domain", "src\Product\Product.Domain\Product.Domain.csproj", "{0667055C-FB0C-416A-9909-88781019BC4C}"
EndProject
Project("{FAE04EC0-301F-11D3-BF4B-00C04F79EFBC}") = "Product.Infrastructure", "src\Product\Product.Infrastructure\Product.Infrastructure.csproj", "{F6B0077A-EC0F-4E92-B225-91BBD9AA96E5}"
EndProject
Project("{FAE04EC0-301F-11D3-BF4B-00C04F79EFBC}") = "Shared", "src\Shared\Shared.csproj", "{4EBCAA76-C550-417C-9EDE-677EE74C10D9}"
EndProject
Global
	GlobalSection(SolutionConfigurationPlatforms) = preSolution
		Debug|Any CPU = Debug|Any CPU
		Release|Any CPU = Release|Any CPU
	EndGlobalSection
	GlobalSection(NestedProjects) = preSolution
		{5E56226A-B9B8-43B2-8DAF-896C9A412A7A} = {D87C14B4-5AA8-4BE5-9CA8-C2EC840381CE}
		{ECE7D0E6-E482-4A4F-AD55-2F044288C0DA} = {D87C14B4-5AA8-4BE5-9CA8-C2EC840381CE}
		{C534A2A5-A595-46A4-95E5-CE3DCB0A427E} = {5E56226A-B9B8-43B2-8DAF-896C9A412A7A}
		{5BABDF25-F89E-4D54-B2B7-52F4E923BC7C} = {5E56226A-B9B8-43B2-8DAF-896C9A412A7A}
		{747B6991-1542-4B1A-96A7-2F224289E8A9} = {5E56226A-B9B8-43B2-8DAF-896C9A412A7A}
		{EF62AB48-A61E-4E97-97AD-D9AB38B43796} = {5E56226A-B9B8-43B2-8DAF-896C9A412A7A}
		{FECD0A96-3881-4AA5-9684-F2EB620C1C11} = {ECE7D0E6-E482-4A4F-AD55-2F044288C0DA}
		{E6B6342D-8AEC-4B55-8D17-969AF2D95119} = {ECE7D0E6-E482-4A4F-AD55-2F044288C0DA}
		{0667055C-FB0C-416A-9909-88781019BC4C} = {ECE7D0E6-E482-4A4F-AD55-2F044288C0DA}
		{F6B0077A-EC0F-4E92-B225-91BBD9AA96E5} = {ECE7D0E6-E482-4A4F-AD55-2F044288C0DA}
		{4EBCAA76-C550-417C-9EDE-677EE74C10D9} = {D87C14B4-5AA8-4BE5-9CA8-C2EC840381CE}
	EndGlobalSection
	GlobalSection(ProjectConfigurationPlatforms) = postSolution
		{C534A2A5-A595-46A4-95E5-CE3DCB0A427E}.Debug|Any CPU.ActiveCfg = Debug|Any CPU
		{C534A2A5-A595-46A4-95E5-CE3DCB0A427E}.Debug|Any CPU.Build.0 = Debug|Any CPU
		{C534A2A5-A595-46A4-95E5-CE3DCB0A427E}.Release|Any CPU.ActiveCfg = Release|Any CPU
		{C534A2A5-A595-46A4-95E5-CE3DCB0A427E}.Release|Any CPU.Build.0 = Release|Any CPU
		{5BABDF25-F89E-4D54-B2B7-52F4E923BC7C}.Debug|Any CPU.ActiveCfg = Debug|Any CPU
		{5BABDF25-F89E-4D54-B2B7-52F4E923BC7C}.Debug|Any CPU.Build.0 = Debug|Any CPU
		{5BABDF25-F89E-4D54-B2B7-52F4E923BC7C}.Release|Any CPU.ActiveCfg = Release|Any CPU
		{5BABDF25-F89E-4D54-B2B7-52F4E923BC7C}.Release|Any CPU.Build.0 = Release|Any CPU
		{747B6991-1542-4B1A-96A7-2F224289E8A9}.Debug|Any CPU.ActiveCfg = Debug|Any CPU
		{747B6991-1542-4B1A-96A7-2F224289E8A9}.Debug|Any CPU.Build.0 = Debug|Any CPU
		{747B6991-1542-4B1A-96A7-2F224289E8A9}.Release|Any CPU.ActiveCfg = Release|Any CPU
		{747B6991-1542-4B1A-96A7-2F224289E8A9}.Release|Any CPU.Build.0 = Release|Any CPU
		{EF62AB48-A61E-4E97-97AD-D9AB38B43796}.Debug|Any CPU.ActiveCfg = Debug|Any CPU
		{EF62AB48-A61E-4E97-97AD-D9AB38B43796}.Debug|Any CPU.Build.0 = Debug|Any CPU
		{EF62AB48-A61E-4E97-97AD-D9AB38B43796}.Release|Any CPU.ActiveCfg = Release|Any CPU
		{EF62AB48-A61E-4E97-97AD-D9AB38B43796}.Release|Any CPU.Build.0 = Release|Any CPU
		{FECD0A96-3881-4AA5-9684-F2EB620C1C11}.Debug|Any CPU.ActiveCfg = Debug|Any CPU
		{FECD0A96-3881-4AA5-9684-F2EB620C1C11}.Debug|Any CPU.Build.0 = Debug|Any CPU
		{FECD0A96-3881-4AA5-9684-F2EB620C1C11}.Release|Any CPU.ActiveCfg = Release|Any CPU
		{FECD0A96-3881-4AA5-9684-F2EB620C1C11}.Release|Any CPU.Build.0 = Release|Any CPU
		{E6B6342D-8AEC-4B55-8D17-969AF2D95119}.Debug|Any CPU.ActiveCfg = Debug|Any CPU
		{E6B6342D-8AEC-4B55-8D17-969AF2D95119}.Debug|Any CPU.Build.0 = Debug|Any CPU
		{E6B6342D-8AEC-4B55-8D17-969AF2D95119}.Release|Any CPU.ActiveCfg = Release|Any CPU
		{E6B6342D-8AEC-4B55-8D17-969AF2D95119}.Release|Any CPU.Build.0 = Release|Any CPU
		{0667055C-FB0C-416A-9909-88781019BC4C}.Debug|Any CPU.ActiveCfg = Debug|Any CPU
		{0667055C-FB0C-416A-9909-88781019BC4C}.Debug|Any CPU.Build.0 = Debug|Any CPU
		{0667055C-FB0C-416A-9909-88781019BC4C}.Release|Any CPU.ActiveCfg = Release|Any CPU
		{0667055C-FB0C-416A-9909-88781019BC4C}.Release|Any CPU.Build.0 = Release|Any CPU
		{F6B0077A-EC0F-4E92-B225-91BBD9AA96E5}.Debug|Any CPU.ActiveCfg = Debug|Any CPU
		{F6B0077A-EC0F-4E92-B225-91BBD9AA96E5}.Debug|Any CPU.Build.0 = Debug|Any CPU
		{F6B0077A-EC0F-4E92-B225-91BBD9AA96E5}.Release|Any CPU.ActiveCfg = Release|Any CPU
		{F6B0077A-EC0F-4E92-B225-91BBD9AA96E5}.Release|Any CPU.Build.0 = Release|Any CPU
		{4EBCAA76-C550-417C-9EDE-677EE74C10D9}.Debug|Any CPU.ActiveCfg = Debug|Any CPU
		{4EBCAA76-C550-417C-9EDE-677EE74C10D9}.Debug|Any CPU.Build.0 = Debug|Any CPU
		{4EBCAA76-C550-417C-9EDE-677EE74C10D9}.Release|Any CPU.ActiveCfg = Release|Any CPU
		{4EBCAA76-C550-417C-9EDE-677EE74C10D9}.Release|Any CPU.Build.0 = Release|Any CPU
	EndGlobalSection
EndGlobal
